
Microsoft Visual Studio Solution File, Format Version 12.00
# Visual Studio Version 17
VisualStudioVersion = 17.5.33627.172
MinimumVisualStudioVersion = 10.0.40219.1
Project("{FAE04EC0-301F-11D3-BF4B-00C04F79EFBC}") = "PizzaChallengeY9", "PizzaChallengeY9\PizzaChallengeY9.csproj", "{BCE49F4B-5A4A-43AD-8CD2-0404CC1C4443}"
EndProject
Global
	GlobalSection(SolutionConfigurationPlatforms) = preSolution
		Debug|Any CPU = Debug|Any CPU
		Release|Any CPU = Release|Any CPU
	EndGlobalSection
	GlobalSection(ProjectConfigurationPlatforms) = postSolution
		{BCE49F4B-5A4A-43AD-8CD2-0404CC1C4443}.Debug|Any CPU.ActiveCfg = Debug|Any CPU
		{BCE49F4B-5A4A-43AD-8CD2-0404CC1C4443}.Debug|Any CPU.Build.0 = Debug|Any CPU
		{BCE49F4B-5A4A-43AD-8CD2-0404CC1C4443}.Release|Any CPU.ActiveCfg = Release|Any CPU
		{BCE49F4B-5A4A-43AD-8CD2-0404CC1C4443}.Release|Any CPU.Build.0 = Release|Any CPU
	EndGlobalSection
	GlobalSection(SolutionProperties) = preSolution
		HideSolutionNode = FALSE
	EndGlobalSection
	GlobalSection(ExtensibilityGlobals) = postSolution
		SolutionGuid = {901151EB-B1F9-44E4-A949-CBF389AC50FC}
	EndGlobalSection
EndGlobal
